// !$*UTF8*$!
{
	archiveVersion = 1;
	classes = {
	};
	objectVersion = 42;
	objects = {

/* Begin PBXBuildFile section */
		6AB623730FE2CB7500AD3BB4 /* LFHTTPRequest.m in Sources */ = {isa = PBXBuildFile; fileRef = 6AB6236F0FE2CB7500AD3BB4 /* LFHTTPRequest.m */; };
		6AB623740FE2CB7500AD3BB4 /* NSData+LFHTTPFormExtensions.m in Sources */ = {isa = PBXBuildFile; fileRef = 6AB623720FE2CB7500AD3BB4 /* NSData+LFHTTPFormExtensions.m */; };
		6AB623770FE2CB7F00AD3BB4 /* TestSuite.m in Sources */ = {isa = PBXBuildFile; fileRef = 6AB623760FE2CB7F00AD3BB4 /* TestSuite.m */; };
		6AB6237B0FE2CC1600AD3BB4 /* SystemConfiguration.framework in Frameworks */ = {isa = PBXBuildFile; fileRef = 6AB6237A0FE2CC1600AD3BB4 /* SystemConfiguration.framework */; };
/* End PBXBuildFile section */

/* Begin PBXFileReference section */
		6AB623670FE2CB6800AD3BB4 /* SynchronousRequestTest.octest */ = {isa = PBXFileReference; explicitFileType = wrapper.cfbundle; includeInIndex = 0; path = SynchronousRequestTest.octest; sourceTree = BUILT_PRODUCTS_DIR; };
		6AB623690FE2CB6800AD3BB4 /* SynchronousRequestTest-Info.plist */ = {isa = PBXFileReference; lastKnownFileType = text.plist.xml; path = "SynchronousRequestTest-Info.plist"; sourceTree = "<group>"; };
		6AB6236E0FE2CB7500AD3BB4 /* LFHTTPRequest.h */ = {isa = PBXFileReference; fileEncoding = 4; lastKnownFileType = sourcecode.c.h; name = LFHTTPRequest.h; path = ../../LFHTTPRequest.h; sourceTree = SOURCE_ROOT; };
		6AB6236F0FE2CB7500AD3BB4 /* LFHTTPRequest.m */ = {isa = PBXFileReference; fileEncoding = 4; lastKnownFileType = sourcecode.c.objc; name = LFHTTPRequest.m; path = ../../LFHTTPRequest.m; sourceTree = SOURCE_ROOT; };
		6AB623700FE2CB7500AD3BB4 /* LFWebAPIKit.h */ = {isa = PBXFileReference; fileEncoding = 4; lastKnownFileType = sourcecode.c.h; name = LFWebAPIKit.h; path = ../../LFWebAPIKit.h; sourceTree = SOURCE_ROOT; };
		6AB623710FE2CB7500AD3BB4 /* NSData+LFHTTPFormExtensions.h */ = {isa = PBXFileReference; fileEncoding = 4; lastKnownFileType = sourcecode.c.h; name = "NSData+LFHTTPFormExtensions.h"; path = "../../NSData+LFHTTPFormExtensions.h"; sourceTree = SOURCE_ROOT; };
		6AB623720FE2CB7500AD3BB4 /* NSData+LFHTTPFormExtensions.m */ = {isa = PBXFileReference; fileEncoding = 4; lastKnownFileType = sourcecode.c.objc; name = "NSData+LFHTTPFormExtensions.m"; path = "../../NSData+LFHTTPFormExtensions.m"; sourceTree = SOURCE_ROOT; };
		6AB623750FE2CB7F00AD3BB4 /* TestSuite.h */ = {isa = PBXFileReference; fileEncoding = 4; lastKnownFileType = sourcecode.c.h; path = TestSuite.h; sourceTree = "<group>"; };
		6AB623760FE2CB7F00AD3BB4 /* TestSuite.m */ = {isa = PBXFileReference; fileEncoding = 4; lastKnownFileType = sourcecode.c.objc; path = TestSuite.m; sourceTree = "<group>"; };
		6AB6237A0FE2CC1600AD3BB4 /* SystemConfiguration.framework */ = {isa = PBXFileReference; lastKnownFileType = wrapper.framework; name = SystemConfiguration.framework; path = /System/Library/Frameworks/SystemConfiguration.framework; sourceTree = "<absolute>"; };
/* End PBXFileReference section */

/* Begin PBXFrameworksBuildPhase section */
		6AB623640FE2CB6800AD3BB4 /* Frameworks */ = {
			isa = PBXFrameworksBuildPhase;
			buildActionMask = 2147483647;
			files = (
				6AB6237B0FE2CC1600AD3BB4 /* SystemConfiguration.framework in Frameworks */,
			);
			runOnlyForDeploymentPostprocessing = 0;
		};
/* End PBXFrameworksBuildPhase section */

/* Begin PBXGroup section */
		6AB623570FE2CB5700AD3BB4 = {
			isa = PBXGroup;
			children = (
				6AB6236E0FE2CB7500AD3BB4 /* LFHTTPRequest.h */,
				6AB6236F0FE2CB7500AD3BB4 /* LFHTTPRequest.m */,
				6AB623700FE2CB7500AD3BB4 /* LFWebAPIKit.h */,
				6AB623710FE2CB7500AD3BB4 /* NSData+LFHTTPFormExtensions.h */,
				6AB623720FE2CB7500AD3BB4 /* NSData+LFHTTPFormExtensions.m */,
				6AB623680FE2CB6800AD3BB4 /* Products */,
				6AB623690FE2CB6800AD3BB4 /* SynchronousRequestTest-Info.plist */,
				6AB623750FE2CB7F00AD3BB4 /* TestSuite.h */,
				6AB623760FE2CB7F00AD3BB4 /* TestSuite.m */,
				6AB6237A0FE2CC1600AD3BB4 /* SystemConfiguration.framework */,
			);
			sourceTree = "<group>";
		};
		6AB623680FE2CB6800AD3BB4 /* Products */ = {
			isa = PBXGroup;
			children = (
				6AB623670FE2CB6800AD3BB4 /* SynchronousRequestTest.octest */,
			);
			name = Products;
			sourceTree = "<group>";
		};
/* End PBXGroup section */

/* Begin PBXNativeTarget section */
		6AB623660FE2CB6800AD3BB4 /* SynchronousRequestTest */ = {
			isa = PBXNativeTarget;
			buildConfigurationList = 6AB6236C0FE2CB6800AD3BB4 /* Build configuration list for PBXNativeTarget "SynchronousRequestTest" */;
			buildPhases = (
				6AB623620FE2CB6800AD3BB4 /* Resources */,
				6AB623630FE2CB6800AD3BB4 /* Sources */,
				6AB623640FE2CB6800AD3BB4 /* Frameworks */,
				6AB623650FE2CB6800AD3BB4 /* ShellScript */,
			);
			buildRules = (
			);
			dependencies = (
			);
			name = SynchronousRequestTest;
			productName = SynchronousRequestTest;
			productReference = 6AB623670FE2CB6800AD3BB4 /* SynchronousRequestTest.octest */;
			productType = "com.apple.product-type.bundle";
		};
/* End PBXNativeTarget section */

/* Begin PBXProject section */
		6AB623590FE2CB5700AD3BB4 /* Project object */ = {
			isa = PBXProject;
			buildConfigurationList = 6AB6235C0FE2CB5700AD3BB4 /* Build configuration list for PBXProject "SynchronousRequestTest" */;
			compatibilityVersion = "Xcode 2.4";
			hasScannedForEncodings = 0;
			mainGroup = 6AB623570FE2CB5700AD3BB4;
			productRefGroup = 6AB623680FE2CB6800AD3BB4 /* Products */;
			projectDirPath = "";
			projectRoot = "";
			targets = (
				6AB623660FE2CB6800AD3BB4 /* SynchronousRequestTest */,
			);
		};
/* End PBXProject section */

/* Begin PBXResourcesBuildPhase section */
		6AB623620FE2CB6800AD3BB4 /* Resources */ = {
			isa = PBXResourcesBuildPhase;
			buildActionMask = 2147483647;
			files = (
			);
			runOnlyForDeploymentPostprocessing = 0;
		};
/* End PBXResourcesBuildPhase section */

/* Begin PBXShellScriptBuildPhase section */
		6AB623650FE2CB6800AD3BB4 /* ShellScript */ = {
			isa = PBXShellScriptBuildPhase;
			buildActionMask = 2147483647;
			files = (
			);
			inputPaths = (
			);
			outputPaths = (
			);
			runOnlyForDeploymentPostprocessing = 0;
			shellPath = /bin/sh;
			shellScript = "# Run the unit tests in this test bundle.\n\"${SYSTEM_DEVELOPER_DIR}/Tools/RunUnitTests\"\n";
		};
/* End PBXShellScriptBuildPhase section */

/* Begin PBXSourcesBuildPhase section */
		6AB623630FE2CB6800AD3BB4 /* Sources */ = {
			isa = PBXSourcesBuildPhase;
			buildActionMask = 2147483647;
			files = (
				6AB623730FE2CB7500AD3BB4 /* LFHTTPRequest.m in Sources */,
				6AB623740FE2CB7500AD3BB4 /* NSData+LFHTTPFormExtensions.m in Sources */,
				6AB623770FE2CB7F00AD3BB4 /* TestSuite.m in Sources */,
			);
			runOnlyForDeploymentPostprocessing = 0;
		};
/* End PBXSourcesBuildPhase section */

/* Begin XCBuildConfiguration section */
		6AB6235A0FE2CB5700AD3BB4 /* Debug */ = {
			isa = XCBuildConfiguration;
			buildSettings = {
				COPY_PHASE_STRIP = NO;
				GCC_ENABLE_OBJC_GC = NO;
			};
			name = Debug;
		};
		6AB6235B0FE2CB5700AD3BB4 /* Release */ = {
			isa = XCBuildConfiguration;
			buildSettings = {
				COPY_PHASE_STRIP = YES;
				GCC_ENABLE_OBJC_GC = NO;
			};
			name = Release;
		};
		6AB6236A0FE2CB6800AD3BB4 /* Debug */ = {
			isa = XCBuildConfiguration;
			buildSettings = {
				ALWAYS_SEARCH_USER_PATHS = NO;
				COPY_PHASE_STRIP = NO;
				FRAMEWORK_SEARCH_PATHS = "$(DEVELOPER_LIBRARY_DIR)/Frameworks";
				GCC_DYNAMIC_NO_PIC = NO;
				GCC_ENABLE_FIX_AND_CONTINUE = NO;
				GCC_ENABLE_OBJC_EXCEPTIONS = YES;
				GCC_OPTIMIZATION_LEVEL = 0;
				INFOPLIST_FILE = "SynchronousRequestTest-Info.plist";
				OTHER_LDFLAGS = (
					"-framework",
					Foundation,
					"-framework",
					SenTestingKit,
					"-framework",
					AppKit,
				);
				PREBINDING = NO;
				PRODUCT_NAME = SynchronousRequestTest;
				WRAPPER_EXTENSION = octest;
			};
			name = Debug;
		};
		6AB6236B0FE2CB6800AD3BB4 /* Release */ = {
			isa = XCBuildConfiguration;
			buildSettings = {
				ALWAYS_SEARCH_USER_PATHS = NO;
				COPY_PHASE_STRIP = YES;
				DEBUG_INFORMATION_FORMAT = "dwarf-with-dsym";
				FRAMEWORK_SEARCH_PATHS = "$(DEVELOPER_LIBRARY_DIR)/Frameworks";
				GCC_ENABLE_FIX_AND_CONTINUE = NO;
				GCC_ENABLE_OBJC_EXCEPTIONS = YES;
				INFOPLIST_FILE = "SynchronousRequestTest-Info.plist";
				OTHER_LDFLAGS = (
					"-framework",
					Foundation,
					"-framework",
					SenTestingKit,
					"-framework",
					AppKit,
				);
				PREBINDING = NO;
				PRODUCT_NAME = SynchronousRequestTest;
				WRAPPER_EXTENSION = octest;
				ZERO_LINK = NO;
			};
			name = Release;
		};
/* End XCBuildConfiguration section */

/* Begin XCConfigurationList section */
		6AB6235C0FE2CB5700AD3BB4 /* Build configuration list for PBXProject "SynchronousRequestTest" */ = {
			isa = XCConfigurationList;
			buildConfigurations = (
				6AB6235A0FE2CB5700AD3BB4 /* Debug */,
				6AB6235B0FE2CB5700AD3BB4 /* Release */,
			);
			defaultConfigurationIsVisible = 0;
			defaultConfigurationName = Release;
		};
		6AB6236C0FE2CB6800AD3BB4 /* Build configuration list for PBXNativeTarget "SynchronousRequestTest" */ = {
			isa = XCConfigurationList;
			buildConfigurations = (
				6AB6236A0FE2CB6800AD3BB4 /* Debug */,
				6AB6236B0FE2CB6800AD3BB4 /* Release */,
			);
			defaultConfigurationIsVisible = 0;
			defaultConfigurationName = Release;
		};
/* End XCConfigurationList section */
	};
	rootObject = 6AB623590FE2CB5700AD3BB4 /* Project object */;
}
